
Microsoft Visual Studio Solution File, Format Version 12.00
# Visual Studio 15
VisualStudioVersion = 15.0.27130.2020
MinimumVisualStudioVersion = 10.0.40219.1
Project("{FAE04EC0-301F-11D3-BF4B-00C04F79EFBC}") = "ContactsCrudMvc.Web", "ContactsCrudMvc.Web\ContactsCrudMvc.Web.csproj", "{DEA3AA24-AD68-45B1-A240-4BE634DAB161}"
EndProject
Global
	GlobalSection(SolutionConfigurationPlatforms) = preSolution
		Debug|Any CPU = Debug|Any CPU
		Release|Any CPU = Release|Any CPU
	EndGlobalSection
	GlobalSection(ProjectConfigurationPlatforms) = postSolution
		{DEA3AA24-AD68-45B1-A240-4BE634DAB161}.Debug|Any CPU.ActiveCfg = Debug|Any CPU
		{DEA3AA24-AD68-45B1-A240-4BE634DAB161}.Debug|Any CPU.Build.0 = Debug|Any CPU
		{DEA3AA24-AD68-45B1-A240-4BE634DAB161}.Release|Any CPU.ActiveCfg = Release|Any CPU
		{DEA3AA24-AD68-45B1-A240-4BE634DAB161}.Release|Any CPU.Build.0 = Release|Any CPU
	EndGlobalSection
	GlobalSection(SolutionProperties) = preSolution
		HideSolutionNode = FALSE
	EndGlobalSection
	GlobalSection(ExtensibilityGlobals) = postSolution
		SolutionGuid = {D88AC47F-1943-4065-904F-98D6DC473FAD}
	EndGlobalSection
EndGlobal
